
Microsoft Visual Studio Solution File, Format Version 12.00
# Visual Studio Version 17
VisualStudioVersion = 17.8.34525.116
MinimumVisualStudioVersion = 10.0.40219.1
Project("{54A90642-561A-4BB1-A94E-469ADEE60C69}") = "countriesviewer", "CountriesViewer\countriesviewer.esproj", "{EBC8E0E0-3838-4400-A3DA-3D7742D02E03}"
EndProject
Global
	GlobalSection(SolutionConfigurationPlatforms) = preSolution
		Debug|Any CPU = Debug|Any CPU
		Release|Any CPU = Release|Any CPU
	EndGlobalSection
	GlobalSection(ProjectConfigurationPlatforms) = postSolution
		{EBC8E0E0-3838-4400-A3DA-3D7742D02E03}.Debug|Any CPU.ActiveCfg = Debug|Any CPU
		{EBC8E0E0-3838-4400-A3DA-3D7742D02E03}.Debug|Any CPU.Build.0 = Debug|Any CPU
		{EBC8E0E0-3838-4400-A3DA-3D7742D02E03}.Debug|Any CPU.Deploy.0 = Debug|Any CPU
		{EBC8E0E0-3838-4400-A3DA-3D7742D02E03}.Release|Any CPU.ActiveCfg = Release|Any CPU
		{EBC8E0E0-3838-4400-A3DA-3D7742D02E03}.Release|Any CPU.Build.0 = Release|Any CPU
		{EBC8E0E0-3838-4400-A3DA-3D7742D02E03}.Release|Any CPU.Deploy.0 = Release|Any CPU
	EndGlobalSection
	GlobalSection(SolutionProperties) = preSolution
		HideSolutionNode = FALSE
	EndGlobalSection
	GlobalSection(ExtensibilityGlobals) = postSolution
		SolutionGuid = {CBBF5F73-3677-49A9-B2E1-740A44A295D1}
	EndGlobalSection
EndGlobal
